
Microsoft Visual Studio Solution File, Format Version 12.00
# Visual Studio Version 17
VisualStudioVersion = 17.0.31903.59
MinimumVisualStudioVersion = 10.0.40219.1
Project("{2150E333-8FDC-42A3-9474-1A3956D46DE8}") = "src", "src", "{827E0CD3-B72D-47B6-A68D-7590B98EB39B}"
EndProject
Project("{FAE04EC0-301F-11D3-BF4B-00C04F79EFBC}") = "Domain", "src\Domain\Domain.csproj", "{A241F899-CD9F-492C-B1C8-1ED5B737D7B4}"
EndProject
Project("{FAE04EC0-301F-11D3-BF4B-00C04F79EFBC}") = "Application", "src\Application\Application.csproj", "{E09F5A6A-DC36-4100-B1BE-C1742E52D6D9}"
EndProject
Project("{FAE04EC0-301F-11D3-BF4B-00C04F79EFBC}") = "Infrastructure", "src\Infrastructure\Infrastructure.csproj", "{ED5DE959-3953-4ABF-B48A-32980E533C10}"
EndProject
Project("{FAE04EC0-301F-11D3-BF4B-00C04F79EFBC}") = "Api", "src\Api\Api.csproj", "{C60F9656-2031-43EB-82DA-3883AD177598}"
EndProject
Project("{FAE04EC0-301F-11D3-BF4B-00C04F79EFBC}") = "AlertWorker", "src\AlertWorker\AlertWorker.csproj", "{CFAD272A-6B61-4B1C-9F07-1C9FB64BC259}"
EndProject
Global
	GlobalSection(SolutionConfigurationPlatforms) = preSolution
		Debug|Any CPU = Debug|Any CPU
		Debug|x64 = Debug|x64
		Debug|x86 = Debug|x86
		Release|Any CPU = Release|Any CPU
		Release|x64 = Release|x64
		Release|x86 = Release|x86
	EndGlobalSection
	GlobalSection(ProjectConfigurationPlatforms) = postSolution
		{A241F899-CD9F-492C-B1C8-1ED5B737D7B4}.Debug|Any CPU.ActiveCfg = Debug|Any CPU
		{A241F899-CD9F-492C-B1C8-1ED5B737D7B4}.Debug|Any CPU.Build.0 = Debug|Any CPU
		{A241F899-CD9F-492C-B1C8-1ED5B737D7B4}.Debug|x64.ActiveCfg = Debug|Any CPU
		{A241F899-CD9F-492C-B1C8-1ED5B737D7B4}.Debug|x64.Build.0 = Debug|Any CPU
		{A241F899-CD9F-492C-B1C8-1ED5B737D7B4}.Debug|x86.ActiveCfg = Debug|Any CPU
		{A241F899-CD9F-492C-B1C8-1ED5B737D7B4}.Debug|x86.Build.0 = Debug|Any CPU
		{A241F899-CD9F-492C-B1C8-1ED5B737D7B4}.Release|Any CPU.ActiveCfg = Release|Any CPU
		{A241F899-CD9F-492C-B1C8-1ED5B737D7B4}.Release|Any CPU.Build.0 = Release|Any CPU
		{A241F899-CD9F-492C-B1C8-1ED5B737D7B4}.Release|x64.ActiveCfg = Release|Any CPU
		{A241F899-CD9F-492C-B1C8-1ED5B737D7B4}.Release|x64.Build.0 = Release|Any CPU
		{A241F899-CD9F-492C-B1C8-1ED5B737D7B4}.Release|x86.ActiveCfg = Release|Any CPU
		{A241F899-CD9F-492C-B1C8-1ED5B737D7B4}.Release|x86.Build.0 = Release|Any CPU
		{E09F5A6A-DC36-4100-B1BE-C1742E52D6D9}.Debug|Any CPU.ActiveCfg = Debug|Any CPU
		{E09F5A6A-DC36-4100-B1BE-C1742E52D6D9}.Debug|Any CPU.Build.0 = Debug|Any CPU
		{E09F5A6A-DC36-4100-B1BE-C1742E52D6D9}.Debug|x64.ActiveCfg = Debug|Any CPU
		{E09F5A6A-DC36-4100-B1BE-C1742E52D6D9}.Debug|x64.Build.0 = Debug|Any CPU
		{E09F5A6A-DC36-4100-B1BE-C1742E52D6D9}.Debug|x86.ActiveCfg = Debug|Any CPU
		{E09F5A6A-DC36-4100-B1BE-C1742E52D6D9}.Debug|x86.Build.0 = Debug|Any CPU
		{E09F5A6A-DC36-4100-B1BE-C1742E52D6D9}.Release|Any CPU.ActiveCfg = Release|Any CPU
		{E09F5A6A-DC36-4100-B1BE-C1742E52D6D9}.Release|Any CPU.Build.0 = Release|Any CPU
		{E09F5A6A-DC36-4100-B1BE-C1742E52D6D9}.Release|x64.ActiveCfg = Release|Any CPU
		{E09F5A6A-DC36-4100-B1BE-C1742E52D6D9}.Release|x64.Build.0 = Release|Any CPU
		{E09F5A6A-DC36-4100-B1BE-C1742E52D6D9}.Release|x86.ActiveCfg = Release|Any CPU
		{E09F5A6A-DC36-4100-B1BE-C1742E52D6D9}.Release|x86.Build.0 = Release|Any CPU
		{ED5DE959-3953-4ABF-B48A-32980E533C10}.Debug|Any CPU.ActiveCfg = Debug|Any CPU
		{ED5DE959-3953-4ABF-B48A-32980E533C10}.Debug|Any CPU.Build.0 = Debug|Any CPU
		{ED5DE959-3953-4ABF-B48A-32980E533C10}.Debug|x64.ActiveCfg = Debug|Any CPU
		{ED5DE959-3953-4ABF-B48A-32980E533C10}.Debug|x64.Build.0 = Debug|Any CPU
		{ED5DE959-3953-4ABF-B48A-32980E533C10}.Debug|x86.ActiveCfg = Debug|Any CPU
		{ED5DE959-3953-4ABF-B48A-32980E533C10}.Debug|x86.Build.0 = Debug|Any CPU
		{ED5DE959-3953-4ABF-B48A-32980E533C10}.Release|Any CPU.ActiveCfg = Release|Any CPU
		{ED5DE959-3953-4ABF-B48A-32980E533C10}.Release|Any CPU.Build.0 = Release|Any CPU
		{ED5DE959-3953-4ABF-B48A-32980E533C10}.Release|x64.ActiveCfg = Release|Any CPU
		{ED5DE959-3953-4ABF-B48A-32980E533C10}.Release|x64.Build.0 = Release|Any CPU
		{ED5DE959-3953-4ABF-B48A-32980E533C10}.Release|x86.ActiveCfg = Release|Any CPU
		{ED5DE959-3953-4ABF-B48A-32980E533C10}.Release|x86.Build.0 = Release|Any CPU
		{C60F9656-2031-43EB-82DA-3883AD177598}.Debug|Any CPU.ActiveCfg = Debug|Any CPU
		{C60F9656-2031-43EB-82DA-3883AD177598}.Debug|Any CPU.Build.0 = Debug|Any CPU
		{C60F9656-2031-43EB-82DA-3883AD177598}.Debug|x64.ActiveCfg = Debug|Any CPU
		{C60F9656-2031-43EB-82DA-3883AD177598}.Debug|x64.Build.0 = Debug|Any CPU
		{C60F9656-2031-43EB-82DA-3883AD177598}.Debug|x86.ActiveCfg = Debug|Any CPU
		{C60F9656-2031-43EB-82DA-3883AD177598}.Debug|x86.Build.0 = Debug|Any CPU
		{C60F9656-2031-43EB-82DA-3883AD177598}.Release|Any CPU.ActiveCfg = Release|Any CPU
		{C60F9656-2031-43EB-82DA-3883AD177598}.Release|Any CPU.Build.0 = Release|Any CPU
		{C60F9656-2031-43EB-82DA-3883AD177598}.Release|x64.ActiveCfg = Release|Any CPU
		{C60F9656-2031-43EB-82DA-3883AD177598}.Release|x64.Build.0 = Release|Any CPU
		{C60F9656-2031-43EB-82DA-3883AD177598}.Release|x86.ActiveCfg = Release|Any CPU
		{C60F9656-2031-43EB-82DA-3883AD177598}.Release|x86.Build.0 = Release|Any CPU
		{CFAD272A-6B61-4B1C-9F07-1C9FB64BC259}.Debug|Any CPU.ActiveCfg = Debug|Any CPU
		{CFAD272A-6B61-4B1C-9F07-1C9FB64BC259}.Debug|Any CPU.Build.0 = Debug|Any CPU
		{CFAD272A-6B61-4B1C-9F07-1C9FB64BC259}.Debug|x64.ActiveCfg = Debug|Any CPU
		{CFAD272A-6B61-4B1C-9F07-1C9FB64BC259}.Debug|x64.Build.0 = Debug|Any CPU
		{CFAD272A-6B61-4B1C-9F07-1C9FB64BC259}.Debug|x86.ActiveCfg = Debug|Any CPU
		{CFAD272A-6B61-4B1C-9F07-1C9FB64BC259}.Debug|x86.Build.0 = Debug|Any CPU
		{CFAD272A-6B61-4B1C-9F07-1C9FB64BC259}.Release|Any CPU.ActiveCfg = Release|Any CPU
		{CFAD272A-6B61-4B1C-9F07-1C9FB64BC259}.Release|Any CPU.Build.0 = Release|Any CPU
		{CFAD272A-6B61-4B1C-9F07-1C9FB64BC259}.Release|x64.ActiveCfg = Release|Any CPU
		{CFAD272A-6B61-4B1C-9F07-1C9FB64BC259}.Release|x64.Build.0 = Release|Any CPU
		{CFAD272A-6B61-4B1C-9F07-1C9FB64BC259}.Release|x86.ActiveCfg = Release|Any CPU
		{CFAD272A-6B61-4B1C-9F07-1C9FB64BC259}.Release|x86.Build.0 = Release|Any CPU
	EndGlobalSection
	GlobalSection(SolutionProperties) = preSolution
		HideSolutionNode = FALSE
	EndGlobalSection
	GlobalSection(NestedProjects) = preSolution
		{A241F899-CD9F-492C-B1C8-1ED5B737D7B4} = {827E0CD3-B72D-47B6-A68D-7590B98EB39B}
		{E09F5A6A-DC36-4100-B1BE-C1742E52D6D9} = {827E0CD3-B72D-47B6-A68D-7590B98EB39B}
		{ED5DE959-3953-4ABF-B48A-32980E533C10} = {827E0CD3-B72D-47B6-A68D-7590B98EB39B}
		{C60F9656-2031-43EB-82DA-3883AD177598} = {827E0CD3-B72D-47B6-A68D-7590B98EB39B}
		{CFAD272A-6B61-4B1C-9F07-1C9FB64BC259} = {827E0CD3-B72D-47B6-A68D-7590B98EB39B}
	EndGlobalSection
EndGlobal
